{
  "nodes": {
    "llakaLib": {
      "inputs": {
        "nixpkgs": [
          "nixpkgs"
        ]
      },
      "locked": {
        "lastModified": 1743435452,
        "narHash": "sha256-02nO7klvqS4gPLOb9eSqY95rxzpdimqXXA9rkHnvg+M=",
        "owner": "llakala",
        "repo": "llakaLib",
        "rev": "b2e71681aeec7fded01bd93a7af30252307c90c0",
        "type": "github"
      },
      "original": {
        "owner": "llakala",
        "repo": "llakaLib",
        "type": "github"
      }
    },
    "nixpkgs": {
      "locked": {
        "lastModified": 1743583204,
        "narHash": "sha256-F7n4+KOIfWrwoQjXrL2wD9RhFYLs2/GGe/MQY1sSdlE=",
        "owner": "NixOS",
        "repo": "nixpkgs",
        "rev": "2c8d3f48d33929642c1c12cd243df4cc7d2ce434",
        "type": "github"
      },
      "original": {
        "owner": "NixOS",
        "ref": "nixos-unstable",
        "repo": "nixpkgs",
        "type": "github"
      }
    },
    "root": {
      "inputs": {
        "llakaLib": "llakaLib",
        "nixpkgs": "nixpkgs"
      }
    }
  },
  "root": "root",
  "version": 7
}
