{
  "nodes": {
    "myLib": {
      "inputs": {
        "nixpkgs": [
          "nixpkgs"
        ]
      },
      "locked": {
        "lastModified": 1737049756,
        "narHash": "sha256-roRyExEz3/e6n9y6evWdj4rLgiP/Rt/1Rdp0UudFdbw=",
        "owner": "llakala",
        "repo": "llakaLib",
        "rev": "71bdddc2528092f8c4db2b285253d0cadae0b30d",
        "type": "github"
      },
      "original": {
        "owner": "llakala",
        "repo": "llakaLib",
        "type": "github"
      }
    },
    "nixpkgs": {
      "locked": {
        "lastModified": 1736916166,
        "narHash": "sha256-puPDoVKxkuNmYIGMpMQiK8bEjaACcCksolsG36gdaNQ=",
        "path": "/nix/store/awsvw44jla0idziiks2zwgzslfd2dczn-source",
        "rev": "e24b4c09e963677b1beea49d411cd315a024ad3a",
        "type": "path"
      },
      "original": {
        "id": "nixpkgs",
        "type": "indirect"
      }
    },
    "root": {
      "inputs": {
        "myLib": "myLib",
        "nixpkgs": "nixpkgs"
      }
    }
  },
  "root": "root",
  "version": 7
}
